
Microsoft Visual Studio Solution File, Format Version 12.00
# Visual Studio Version 17
VisualStudioVersion = 17.6.33801.468
MinimumVisualStudioVersion = 10.0.40219.1
Project("{FAE04EC0-301F-11D3-BF4B-00C04F79EFBC}") = "agenda", "agenda\agenda.csproj", "{9A961742-693C-49EC-AD33-A58971B0E25D}"
EndProject
Global
	GlobalSection(SolutionConfigurationPlatforms) = preSolution
		Debug|Any CPU = Debug|Any CPU
		Release|Any CPU = Release|Any CPU
	EndGlobalSection
	GlobalSection(ProjectConfigurationPlatforms) = postSolution
		{9A961742-693C-49EC-AD33-A58971B0E25D}.Debug|Any CPU.ActiveCfg = Debug|Any CPU
		{9A961742-693C-49EC-AD33-A58971B0E25D}.Debug|Any CPU.Build.0 = Debug|Any CPU
		{9A961742-693C-49EC-AD33-A58971B0E25D}.Release|Any CPU.ActiveCfg = Release|Any CPU
		{9A961742-693C-49EC-AD33-A58971B0E25D}.Release|Any CPU.Build.0 = Release|Any CPU
	EndGlobalSection
	GlobalSection(SolutionProperties) = preSolution
		HideSolutionNode = FALSE
	EndGlobalSection
	GlobalSection(ExtensibilityGlobals) = postSolution
		SolutionGuid = {0BC4DBC1-B170-4A66-ADBE-1A93AAAC430C}
	EndGlobalSection
EndGlobal
